
Microsoft Visual Studio Solution File, Format Version 12.00
# Visual Studio Version 16
VisualStudioVersion = 16.0.30907.101
MinimumVisualStudioVersion = 10.0.40219.1
Project("{FAE04EC0-301F-11D3-BF4B-00C04F79EFBC}") = "Questionnaire", "Questionnaire\Questionnaire.csproj", "{BEDEAA5A-F2D9-4246-B132-B6428FD9E067}"
EndProject
Global
	GlobalSection(SolutionConfigurationPlatforms) = preSolution
		Debug|Any CPU = Debug|Any CPU
		Release|Any CPU = Release|Any CPU
	EndGlobalSection
	GlobalSection(ProjectConfigurationPlatforms) = postSolution
		{BEDEAA5A-F2D9-4246-B132-B6428FD9E067}.Debug|Any CPU.ActiveCfg = Debug|Any CPU
		{BEDEAA5A-F2D9-4246-B132-B6428FD9E067}.Debug|Any CPU.Build.0 = Debug|Any CPU
		{BEDEAA5A-F2D9-4246-B132-B6428FD9E067}.Release|Any CPU.ActiveCfg = Release|Any CPU
		{BEDEAA5A-F2D9-4246-B132-B6428FD9E067}.Release|Any CPU.Build.0 = Release|Any CPU
	EndGlobalSection
	GlobalSection(SolutionProperties) = preSolution
		HideSolutionNode = FALSE
	EndGlobalSection
	GlobalSection(ExtensibilityGlobals) = postSolution
		SolutionGuid = {FC9ED68F-96D1-4B05-B5CB-33422A8E2A9B}
	EndGlobalSection
EndGlobal
